
Microsoft Visual Studio Solution File, Format Version 12.00
# Visual Studio Version 17
VisualStudioVersion = 17.7.34031.279
MinimumVisualStudioVersion = 10.0.40219.1
Project("{FAE04EC0-301F-11D3-BF4B-00C04F79EFBC}") = "CSharpNotes", "CSharpNotes\CSharpNotes.csproj", "{D8D1C75F-2255-4E95-AE5C-C30B67D7F7FC}"
EndProject
Global
	GlobalSection(SolutionConfigurationPlatforms) = preSolution
		Debug|Any CPU = Debug|Any CPU
		Release|Any CPU = Release|Any CPU
	EndGlobalSection
	GlobalSection(ProjectConfigurationPlatforms) = postSolution
		{D8D1C75F-2255-4E95-AE5C-C30B67D7F7FC}.Debug|Any CPU.ActiveCfg = Debug|Any CPU
		{D8D1C75F-2255-4E95-AE5C-C30B67D7F7FC}.Debug|Any CPU.Build.0 = Debug|Any CPU
		{D8D1C75F-2255-4E95-AE5C-C30B67D7F7FC}.Release|Any CPU.ActiveCfg = Release|Any CPU
		{D8D1C75F-2255-4E95-AE5C-C30B67D7F7FC}.Release|Any CPU.Build.0 = Release|Any CPU
	EndGlobalSection
	GlobalSection(SolutionProperties) = preSolution
		HideSolutionNode = FALSE
	EndGlobalSection
	GlobalSection(ExtensibilityGlobals) = postSolution
		SolutionGuid = {09A73385-954A-4F0F-A166-3CAFA41C87E5}
	EndGlobalSection
EndGlobal
